Microsoft Visual Studio Solution File, Format Version 12.00
# Visual Studio 15
VisualStudioVersion = 15.0.27703.2042
MinimumVisualStudioVersion = 10.0.40219.1
Project("{2150E333-8FDC-42A3-9474-1A3956D46DE8}") = "Solution Items", "Solution Items", "{399C8CED-EF29-4050-B103-D9000FCD343A}"
	ProjectSection(SolutionItems) = preProject
		nfive.yml = nfive.yml
	EndProjectSection
EndProject
Project("{88316122-109E-4592-BFDF-1DB2D86279F4}") = "DisableDispatch.Client", "DisableDispatch.Client\DisableDispatch.Client.csproj", "{EEC73801-CA73-417D-8919-87D16024A785}"
EndProject
Global
	GlobalSection(SolutionConfigurationPlatforms) = preSolution
		Debug|Any CPU = Debug|Any CPU
		Release|Any CPU = Release|Any CPU
	EndGlobalSection
	GlobalSection(ProjectConfigurationPlatforms) = postSolution
		{EEC73801-CA73-417D-8919-87D16024A785}.Debug|Any CPU.ActiveCfg = Debug|Any CPU
		{EEC73801-CA73-417D-8919-87D16024A785}.Debug|Any CPU.Build.0 = Debug|Any CPU
		{EEC73801-CA73-417D-8919-87D16024A785}.Release|Any CPU.ActiveCfg = Release|Any CPU
		{EEC73801-CA73-417D-8919-87D16024A785}.Release|Any CPU.Build.0 = Release|Any CPU
	EndGlobalSection
EndGlobal
